
Microsoft Visual Studio Solution File, Format Version 12.00
# Visual Studio Version 17
VisualStudioVersion = 17.1.32210.238
MinimumVisualStudioVersion = 10.0.40219.1
Project("{FAE04EC0-301F-11D3-BF4B-00C04F79EFBC}") = "ElevenNoteWebApp.Server", "ElevenNoteWebApp\Server\ElevenNoteWebApp.Server.csproj", "{F3188DEE-21ED-4F4B-8951-0DE31D36E57C}"
EndProject
Project("{FAE04EC0-301F-11D3-BF4B-00C04F79EFBC}") = "ElevenNoteWebApp.Client", "ElevenNoteWebApp\Client\ElevenNoteWebApp.Client.csproj", "{50A30CAB-52B9-47FC-8A3F-D09359F31801}"
EndProject
Project("{FAE04EC0-301F-11D3-BF4B-00C04F79EFBC}") = "ElevenNoteWebApp.Shared", "ElevenNoteWebApp\Shared\ElevenNoteWebApp.Shared.csproj", "{A9CACCCA-E9D1-47A9-9F70-F18DAE0DBC5A}"
EndProject
Global
	GlobalSection(SolutionConfigurationPlatforms) = preSolution
		Debug|Any CPU = Debug|Any CPU
		Release|Any CPU = Release|Any CPU
	EndGlobalSection
	GlobalSection(ProjectConfigurationPlatforms) = postSolution
		{F3188DEE-21ED-4F4B-8951-0DE31D36E57C}.Debug|Any CPU.ActiveCfg = Debug|Any CPU
		{F3188DEE-21ED-4F4B-8951-0DE31D36E57C}.Debug|Any CPU.Build.0 = Debug|Any CPU
		{F3188DEE-21ED-4F4B-8951-0DE31D36E57C}.Release|Any CPU.ActiveCfg = Release|Any CPU
		{F3188DEE-21ED-4F4B-8951-0DE31D36E57C}.Release|Any CPU.Build.0 = Release|Any CPU
		{50A30CAB-52B9-47FC-8A3F-D09359F31801}.Debug|Any CPU.ActiveCfg = Debug|Any CPU
		{50A30CAB-52B9-47FC-8A3F-D09359F31801}.Debug|Any CPU.Build.0 = Debug|Any CPU
		{50A30CAB-52B9-47FC-8A3F-D09359F31801}.Release|Any CPU.ActiveCfg = Release|Any CPU
		{50A30CAB-52B9-47FC-8A3F-D09359F31801}.Release|Any CPU.Build.0 = Release|Any CPU
		{A9CACCCA-E9D1-47A9-9F70-F18DAE0DBC5A}.Debug|Any CPU.ActiveCfg = Debug|Any CPU
		{A9CACCCA-E9D1-47A9-9F70-F18DAE0DBC5A}.Debug|Any CPU.Build.0 = Debug|Any CPU
		{A9CACCCA-E9D1-47A9-9F70-F18DAE0DBC5A}.Release|Any CPU.ActiveCfg = Release|Any CPU
		{A9CACCCA-E9D1-47A9-9F70-F18DAE0DBC5A}.Release|Any CPU.Build.0 = Release|Any CPU
	EndGlobalSection
	GlobalSection(SolutionProperties) = preSolution
		HideSolutionNode = FALSE
	EndGlobalSection
	GlobalSection(ExtensibilityGlobals) = postSolution
		SolutionGuid = {63238C4E-ACED-4468-B802-5C0B3EC620E2}
	EndGlobalSection
EndGlobal
